
Microsoft Visual Studio Solution File, Format Version 12.00
# Visual Studio 2012
Project("{FAE04EC0-301F-11D3-BF4B-00C04F79EFBC}") = "School", "School\School.csproj", "{2498793A-4F97-4A4A-8FD9-59F9CEAF6726}"
EndProject
Project("{FAE04EC0-301F-11D3-BF4B-00C04F79EFBC}") = "SchoolTest", "SchoolTest\SchoolTest.csproj", "{9335BD61-6E35-4CC2-8070-B7AD931E090F}"
EndProject
Global
	GlobalSection(SolutionConfigurationPlatforms) = preSolution
		Debug|Any CPU = Debug|Any CPU
		Release|Any CPU = Release|Any CPU
	EndGlobalSection
	GlobalSection(ProjectConfigurationPlatforms) = postSolution
		{2498793A-4F97-4A4A-8FD9-59F9CEAF6726}.Debug|Any CPU.ActiveCfg = Debug|Any CPU
		{2498793A-4F97-4A4A-8FD9-59F9CEAF6726}.Debug|Any CPU.Build.0 = Debug|Any CPU
		{2498793A-4F97-4A4A-8FD9-59F9CEAF6726}.Release|Any CPU.ActiveCfg = Release|Any CPU
		{2498793A-4F97-4A4A-8FD9-59F9CEAF6726}.Release|Any CPU.Build.0 = Release|Any CPU
		{9335BD61-6E35-4CC2-8070-B7AD931E090F}.Debug|Any CPU.ActiveCfg = Debug|Any CPU
		{9335BD61-6E35-4CC2-8070-B7AD931E090F}.Debug|Any CPU.Build.0 = Debug|Any CPU
		{9335BD61-6E35-4CC2-8070-B7AD931E090F}.Release|Any CPU.ActiveCfg = Release|Any CPU
		{9335BD61-6E35-4CC2-8070-B7AD931E090F}.Release|Any CPU.Build.0 = Release|Any CPU
	EndGlobalSection
	GlobalSection(SolutionProperties) = preSolution
		HideSolutionNode = FALSE
	EndGlobalSection
EndGlobal
